
Microsoft Visual Studio Solution File, Format Version 12.00
# Visual Studio Version 17
VisualStudioVersion = 17.11.35312.102
MinimumVisualStudioVersion = 10.0.40219.1
Project("{FAE04EC0-301F-11D3-BF4B-00C04F79EFBC}") = "ClassDemo", "ClassDemo.csproj", "{BB42AE1E-1561-4B6F-A5B4-BF6E3EB261E5}"
EndProject
Global
	GlobalSection(SolutionConfigurationPlatforms) = preSolution
		Debug|Any CPU = Debug|Any CPU
		Release|Any CPU = Release|Any CPU
	EndGlobalSection
	GlobalSection(ProjectConfigurationPlatforms) = postSolution
		{BB42AE1E-1561-4B6F-A5B4-BF6E3EB261E5}.Debug|Any CPU.ActiveCfg = Debug|Any CPU
		{BB42AE1E-1561-4B6F-A5B4-BF6E3EB261E5}.Debug|Any CPU.Build.0 = Debug|Any CPU
		{BB42AE1E-1561-4B6F-A5B4-BF6E3EB261E5}.Release|Any CPU.ActiveCfg = Release|Any CPU
		{BB42AE1E-1561-4B6F-A5B4-BF6E3EB261E5}.Release|Any CPU.Build.0 = Release|Any CPU
	EndGlobalSection
	GlobalSection(SolutionProperties) = preSolution
		HideSolutionNode = FALSE
	EndGlobalSection
	GlobalSection(ExtensibilityGlobals) = postSolution
		SolutionGuid = {DBD0874B-D9B4-4634-8E8E-865516C9D9A1}
	EndGlobalSection
EndGlobal
