
Microsoft Visual Studio Solution File, Format Version 12.00
# Visual Studio Version 17
VisualStudioVersion = 17.11.35312.102
MinimumVisualStudioVersion = 10.0.40219.1
Project("{FAE04EC0-301F-11D3-BF4B-00C04F79EFBC}") = "SecondWebApplication", "SecondWebApplication.csproj", "{98297018-FA56-4BE0-B8E8-0D4701151189}"
EndProject
Global
	GlobalSection(SolutionConfigurationPlatforms) = preSolution
		Debug|Any CPU = Debug|Any CPU
		Release|Any CPU = Release|Any CPU
	EndGlobalSection
	GlobalSection(ProjectConfigurationPlatforms) = postSolution
		{98297018-FA56-4BE0-B8E8-0D4701151189}.Debug|Any CPU.ActiveCfg = Debug|Any CPU
		{98297018-FA56-4BE0-B8E8-0D4701151189}.Debug|Any CPU.Build.0 = Debug|Any CPU
		{98297018-FA56-4BE0-B8E8-0D4701151189}.Release|Any CPU.ActiveCfg = Release|Any CPU
		{98297018-FA56-4BE0-B8E8-0D4701151189}.Release|Any CPU.Build.0 = Release|Any CPU
	EndGlobalSection
	GlobalSection(SolutionProperties) = preSolution
		HideSolutionNode = FALSE
	EndGlobalSection
	GlobalSection(ExtensibilityGlobals) = postSolution
		SolutionGuid = {FAE6FAEA-056B-4763-B493-2236FE579C81}
	EndGlobalSection
EndGlobal
