
Microsoft Visual Studio Solution File, Format Version 12.00
# Visual Studio Version 17
VisualStudioVersion = 17.11.35312.102
MinimumVisualStudioVersion = 10.0.40219.1
Project("{FAE04EC0-301F-11D3-BF4B-00C04F79EFBC}") = "KafkaProducer", "KafkaProducer.csproj", "{CA67BA22-924B-4AB5-B3EC-82A691D18E37}"
EndProject
Global
	GlobalSection(SolutionConfigurationPlatforms) = preSolution
		Debug|Any CPU = Debug|Any CPU
		Release|Any CPU = Release|Any CPU
	EndGlobalSection
	GlobalSection(ProjectConfigurationPlatforms) = postSolution
		{CA67BA22-924B-4AB5-B3EC-82A691D18E37}.Debug|Any CPU.ActiveCfg = Debug|Any CPU
		{CA67BA22-924B-4AB5-B3EC-82A691D18E37}.Debug|Any CPU.Build.0 = Debug|Any CPU
		{CA67BA22-924B-4AB5-B3EC-82A691D18E37}.Release|Any CPU.ActiveCfg = Release|Any CPU
		{CA67BA22-924B-4AB5-B3EC-82A691D18E37}.Release|Any CPU.Build.0 = Release|Any CPU
	EndGlobalSection
	GlobalSection(SolutionProperties) = preSolution
		HideSolutionNode = FALSE
	EndGlobalSection
	GlobalSection(ExtensibilityGlobals) = postSolution
		SolutionGuid = {859EEE0D-1B89-4B85-9333-91F48C9EF548}
	EndGlobalSection
EndGlobal
